// !$*UTF8*$!
{
	archiveVersion = 1;
	classes = {
	};
	objectVersion = 46;
	objects = {

/* Begin PBXBuildFile section */
		64A91F801C4F90030002C87F /* AVFoundation.framework in Frameworks */ = {isa = PBXBuildFile; fileRef = 64A91F7F1C4F90020002C87F /* AVFoundation.framework */; };
		64A91FE11C5C36F90002C87F /* LaunchScreen.xib in Resources */ = {isa = PBXBuildFile; fileRef = 64A91FE01C5C36F90002C87F /* LaunchScreen.xib */; };
		64C7ABCC1C4DC68900565D28 /* AppDelegate.swift in Sources */ = {isa = PBXBuildFile; fileRef = 64C7ABCB1C4DC68900565D28 /* AppDelegate.swift */; };
		64C7ABCE1C4DC68900565D28 /* ViewController.swift in Sources */ = {isa = PBXBuildFile; fileRef = 64C7ABCD1C4DC68900565D28 /* ViewController.swift */; };
		64C7ABD11C4DC68900565D28 /* Main.storyboard in Resources */ = {isa = PBXBuildFile; fileRef = 64C7ABCF1C4DC68900565D28 /* Main.storyboard */; };
		64C7ABD31C4DC68900565D28 /* Assets.xcassets in Resources */ = {isa = PBXBuildFile; fileRef = 64C7ABD21C4DC68900565D28 /* Assets.xcassets */; };
		64C7ABE11C4DC68900565D28 /* railtalkTests.swift in Sources */ = {isa = PBXBuildFile; fileRef = 64C7ABE01C4DC68900565D28 /* railtalkTests.swift */; };
		8BD1190160E52DD6B10C2151 /* Pods_railtalk.framework in Frameworks */ = {isa = PBXBuildFile; fileRef = BD7DFE97B57F33B08E233BD0 /* Pods_railtalk.framework */; };
/* End PBXBuildFile section */

/* Begin PBXContainerItemProxy section */
		64C7ABDD1C4DC68900565D28 /* PBXContainerItemProxy */ = {
			isa = PBXContainerItemProxy;
			containerPortal = 64C7ABC01C4DC68900565D28 /* Project object */;
			proxyType = 1;
			remoteGlobalIDString = 64C7ABC71C4DC68900565D28;
			remoteInfo = railtalk;
		};
/* End PBXContainerItemProxy section */

/* Begin PBXFileReference section */
		64A91F7F1C4F90020002C87F /* AVFoundation.framework */ = {isa = PBXFileReference; lastKnownFileType = wrapper.framework; name = AVFoundation.framework; path = System/Library/Frameworks/AVFoundation.framework; sourceTree = SDKROOT; };
		64A91FE01C5C36F90002C87F /* LaunchScreen.xib */ = {isa = PBXFileReference; fileEncoding = 4; lastKnownFileType = file.xib; path = LaunchScreen.xib; sourceTree = "<group>"; };
		64C7ABC81C4DC68900565D28 /* railtalk.app */ = {isa = PBXFileReference; explicitFileType = wrapper.application; includeInIndex = 0; path = railtalk.app; sourceTree = BUILT_PRODUCTS_DIR; };
		64C7ABCB1C4DC68900565D28 /* AppDelegate.swift */ = {isa = PBXFileReference; lastKnownFileType = sourcecode.swift; path = AppDelegate.swift; sourceTree = "<group>"; };
		64C7ABCD1C4DC68900565D28 /* ViewController.swift */ = {isa = PBXFileReference; lastKnownFileType = sourcecode.swift; path = ViewController.swift; sourceTree = "<group>"; };
		64C7ABD01C4DC68900565D28 /* Base */ = {isa = PBXFileReference; lastKnownFileType = file.storyboard; name = Base; path = Base.lproj/Main.storyboard; sourceTree = "<group>"; };
		64C7ABD21C4DC68900565D28 /* Assets.xcassets */ = {isa = PBXFileReference; lastKnownFileType = folder.assetcatalog; path = Assets.xcassets; sourceTree = "<group>"; };
		64C7ABD71C4DC68900565D28 /* Info.plist */ = {isa = PBXFileReference; lastKnownFileType = text.plist.xml; path = Info.plist; sourceTree = "<group>"; };
		64C7ABDC1C4DC68900565D28 /* railtalkTests.xctest */ = {isa = PBXFileReference; explicitFileType = wrapper.cfbundle; includeInIndex = 0; path = railtalkTests.xctest; sourceTree = BUILT_PRODUCTS_DIR; };
		64C7ABE01C4DC68900565D28 /* railtalkTests.swift */ = {isa = PBXFileReference; lastKnownFileType = sourcecode.swift; path = railtalkTests.swift; sourceTree = "<group>"; };
		64C7ABE21C4DC68900565D28 /* Info.plist */ = {isa = PBXFileReference; lastKnownFileType = text.plist.xml; path = Info.plist; sourceTree = "<group>"; };
		BD7DFE97B57F33B08E233BD0 /* Pods_railtalk.framework */ = {isa = PBXFileReference; explicitFileType = wrapper.framework; includeInIndex = 0; path = Pods_railtalk.framework; sourceTree = BUILT_PRODUCTS_DIR; };
		C4A614865C4C14F39E87F269 /* Pods-railtalk.release.xcconfig */ = {isa = PBXFileReference; includeInIndex = 1; lastKnownFileType = text.xcconfig; name = "Pods-railtalk.release.xcconfig"; path = "Pods/Target Support Files/Pods-railtalk/Pods-railtalk.release.xcconfig"; sourceTree = "<group>"; };
		EB1D02D192FD719A71BB8169 /* Pods-railtalk.debug.xcconfig */ = {isa = PBXFileReference; includeInIndex = 1; lastKnownFileType = text.xcconfig; name = "Pods-railtalk.debug.xcconfig"; path = "Pods/Target Support Files/Pods-railtalk/Pods-railtalk.debug.xcconfig"; sourceTree = "<group>"; };
/* End PBXFileReference section */

/* Begin PBXFrameworksBuildPhase section */
		64C7ABC51C4DC68900565D28 /* Frameworks */ = {
			isa = PBXFrameworksBuildPhase;
			buildActionMask = 2147483647;
			files = (
				64A91F801C4F90030002C87F /* AVFoundation.framework in Frameworks */,
				8BD1190160E52DD6B10C2151 /* Pods_railtalk.framework in Frameworks */,
			);
			runOnlyForDeploymentPostprocessing = 0;
		};
		64C7ABD91C4DC68900565D28 /* Frameworks */ = {
			isa = PBXFrameworksBuildPhase;
			buildActionMask = 2147483647;
			files = (
			);
			runOnlyForDeploymentPostprocessing = 0;
		};
/* End PBXFrameworksBuildPhase section */

/* Begin PBXGroup section */
		64C7ABBF1C4DC68900565D28 = {
			isa = PBXGroup;
			children = (
				64C7ABCA1C4DC68900565D28 /* railtalk */,
				64C7ABDF1C4DC68900565D28 /* railtalkTests */,
				64C7ABC91C4DC68900565D28 /* Products */,
				721791339C2FD8B444EFC885 /* Pods */,
				C2BF2E83099C0805C2EDC448 /* Frameworks */,
			);
			sourceTree = "<group>";
		};
		64C7ABC91C4DC68900565D28 /* Products */ = {
			isa = PBXGroup;
			children = (
				64C7ABC81C4DC68900565D28 /* railtalk.app */,
				64C7ABDC1C4DC68900565D28 /* railtalkTests.xctest */,
			);
			name = Products;
			sourceTree = "<group>";
		};
		64C7ABCA1C4DC68900565D28 /* railtalk */ = {
			isa = PBXGroup;
			children = (
				64C7ABCB1C4DC68900565D28 /* AppDelegate.swift */,
				64C7ABCD1C4DC68900565D28 /* ViewController.swift */,
				64C7ABCF1C4DC68900565D28 /* Main.storyboard */,
				64A91FE01C5C36F90002C87F /* LaunchScreen.xib */,
				64C7ABD21C4DC68900565D28 /* Assets.xcassets */,
				64C7ABD71C4DC68900565D28 /* Info.plist */,
			);
			path = railtalk;
			sourceTree = "<group>";
		};
		64C7ABDF1C4DC68900565D28 /* railtalkTests */ = {
			isa = PBXGroup;
			children = (
				64C7ABE01C4DC68900565D28 /* railtalkTests.swift */,
				64C7ABE21C4DC68900565D28 /* Info.plist */,
			);
			path = railtalkTests;
			sourceTree = "<group>";
		};
		721791339C2FD8B444EFC885 /* Pods */ = {
			isa = PBXGroup;
			children = (
				EB1D02D192FD719A71BB8169 /* Pods-railtalk.debug.xcconfig */,
				C4A614865C4C14F39E87F269 /* Pods-railtalk.release.xcconfig */,
			);
			name = Pods;
			sourceTree = "<group>";
		};
		C2BF2E83099C0805C2EDC448 /* Frameworks */ = {
			isa = PBXGroup;
			children = (
				64A91F7F1C4F90020002C87F /* AVFoundation.framework */,
				BD7DFE97B57F33B08E233BD0 /* Pods_railtalk.framework */,
			);
			name = Frameworks;
			sourceTree = "<group>";
		};
/* End PBXGroup section */

/* Begin PBXNativeTarget section */
		64C7ABC71C4DC68900565D28 /* railtalk */ = {
			isa = PBXNativeTarget;
			buildConfigurationList = 64C7ABE51C4DC68900565D28 /* Build configuration list for PBXNativeTarget "railtalk" */;
			buildPhases = (
				A28D62281CD215F2CBFD1B82 /* Check Pods Manifest.lock */,
				64C7ABC41C4DC68900565D28 /* Sources */,
				64C7ABC51C4DC68900565D28 /* Frameworks */,
				64C7ABC61C4DC68900565D28 /* Resources */,
				C2C1E401B6E8D73C8E41FC78 /* Embed Pods Frameworks */,
				C8D6E226CB551AF7C8F1343D /* Copy Pods Resources */,
			);
			buildRules = (
			);
			dependencies = (
			);
			name = railtalk;
			productName = railtalk;
			productReference = 64C7ABC81C4DC68900565D28 /* railtalk.app */;
			productType = "com.apple.product-type.application";
		};
		64C7ABDB1C4DC68900565D28 /* railtalkTests */ = {
			isa = PBXNativeTarget;
			buildConfigurationList = 64C7ABE81C4DC68900565D28 /* Build configuration list for PBXNativeTarget "railtalkTests" */;
			buildPhases = (
				64C7ABD81C4DC68900565D28 /* Sources */,
				64C7ABD91C4DC68900565D28 /* Frameworks */,
				64C7ABDA1C4DC68900565D28 /* Resources */,
			);
			buildRules = (
			);
			dependencies = (
				64C7ABDE1C4DC68900565D28 /* PBXTargetDependency */,
			);
			name = railtalkTests;
			productName = railtalkTests;
			productReference = 64C7ABDC1C4DC68900565D28 /* railtalkTests.xctest */;
			productType = "com.apple.product-type.bundle.unit-test";
		};
/* End PBXNativeTarget section */

/* Begin PBXProject section */
		64C7ABC01C4DC68900565D28 /* Project object */ = {
			isa = PBXProject;
			attributes = {
				LastSwiftUpdateCheck = 0720;
				LastUpgradeCheck = 0720;
				ORGANIZATIONNAME = "Jeremy Molayem";
				TargetAttributes = {
					64C7ABC71C4DC68900565D28 = {
						CreatedOnToolsVersion = 7.2;
					};
					64C7ABDB1C4DC68900565D28 = {
						CreatedOnToolsVersion = 7.2;
						TestTargetID = 64C7ABC71C4DC68900565D28;
					};
				};
			};
			buildConfigurationList = 64C7ABC31C4DC68900565D28 /* Build configuration list for PBXProject "railtalk" */;
			compatibilityVersion = "Xcode 3.2";
			developmentRegion = English;
			hasScannedForEncodings = 0;
			knownRegions = (
				en,
				Base,
			);
			mainGroup = 64C7ABBF1C4DC68900565D28;
			productRefGroup = 64C7ABC91C4DC68900565D28 /* Products */;
			projectDirPath = "";
			projectRoot = "";
			targets = (
				64C7ABC71C4DC68900565D28 /* railtalk */,
				64C7ABDB1C4DC68900565D28 /* railtalkTests */,
			);
		};
/* End PBXProject section */

/* Begin PBXResourcesBuildPhase section */
		64C7ABC61C4DC68900565D28 /* Resources */ = {
			isa = PBXResourcesBuildPhase;
			buildActionMask = 2147483647;
			files = (
				64A91FE11C5C36F90002C87F /* LaunchScreen.xib in Resources */,
				64C7ABD31C4DC68900565D28 /* Assets.xcassets in Resources */,
				64C7ABD11C4DC68900565D28 /* Main.storyboard in Resources */,
			);
			runOnlyForDeploymentPostprocessing = 0;
		};
		64C7ABDA1C4DC68900565D28 /* Resources */ = {
			isa = PBXResourcesBuildPhase;
			buildActionMask = 2147483647;
			files = (
			);
			runOnlyForDeploymentPostprocessing = 0;
		};
/* End PBXResourcesBuildPhase section */

/* Begin PBXShellScriptBuildPhase section */
		A28D62281CD215F2CBFD1B82 /* Check Pods Manifest.lock */ = {
			isa = PBXShellScriptBuildPhase;
			buildActionMask = 2147483647;
			files = (
			);
			inputPaths = (
			);
			name = "Check Pods Manifest.lock";
			outputPaths = (
			);
			runOnlyForDeploymentPostprocessing = 0;
			shellPath = /bin/sh;
			shellScript = "diff \"${PODS_ROOT}/../Podfile.lock\" \"${PODS_ROOT}/Manifest.lock\" > /dev/null\nif [[ $? != 0 ]] ; then\n    cat << EOM\nerror: The sandbox is not in sync with the Podfile.lock. Run 'pod install' or update your CocoaPods installation.\nEOM\n    exit 1\nfi\n";
			showEnvVarsInLog = 0;
		};
		C2C1E401B6E8D73C8E41FC78 /* Embed Pods Frameworks */ = {
			isa = PBXShellScriptBuildPhase;
			buildActionMask = 2147483647;
			files = (
			);
			inputPaths = (
			);
			name = "Embed Pods Frameworks";
			outputPaths = (
			);
			runOnlyForDeploymentPostprocessing = 0;
			shellPath = /bin/sh;
			shellScript = "\"${SRCROOT}/Pods/Target Support Files/Pods-railtalk/Pods-railtalk-frameworks.sh\"\n";
			showEnvVarsInLog = 0;
		};
		C8D6E226CB551AF7C8F1343D /* Copy Pods Resources */ = {
			isa = PBXShellScriptBuildPhase;
			buildActionMask = 2147483647;
			files = (
			);
			inputPaths = (
			);
			name = "Copy Pods Resources";
			outputPaths = (
			);
			runOnlyForDeploymentPostprocessing = 0;
			shellPath = /bin/sh;
			shellScript = "\"${SRCROOT}/Pods/Target Support Files/Pods-railtalk/Pods-railtalk-resources.sh\"\n";
			showEnvVarsInLog = 0;
		};
/* End PBXShellScriptBuildPhase section */

/* Begin PBXSourcesBuildPhase section */
		64C7ABC41C4DC68900565D28 /* Sources */ = {
			isa = PBXSourcesBuildPhase;
			buildActionMask = 2147483647;
			files = (
				64C7ABCE1C4DC68900565D28 /* ViewController.swift in Sources */,
				64C7ABCC1C4DC68900565D28 /* AppDelegate.swift in Sources */,
			);
			runOnlyForDeploymentPostprocessing = 0;
		};
		64C7ABD81C4DC68900565D28 /* Sources */ = {
			isa = PBXSourcesBuildPhase;
			buildActionMask = 2147483647;
			files = (
				64C7ABE11C4DC68900565D28 /* railtalkTests.swift in Sources */,
			);
			runOnlyForDeploymentPostprocessing = 0;
		};
/* End PBXSourcesBuildPhase section */

/* Begin PBXTargetDependency section */
		64C7ABDE1C4DC68900565D28 /* PBXTargetDependency */ = {
			isa = PBXTargetDependency;
			target = 64C7ABC71C4DC68900565D28 /* railtalk */;
			targetProxy = 64C7ABDD1C4DC68900565D28 /* PBXContainerItemProxy */;
		};
/* End PBXTargetDependency section */

/* Begin PBXVariantGroup section */
		64C7ABCF1C4DC68900565D28 /* Main.storyboard */ = {
			isa = PBXVariantGroup;
			children = (
				64C7ABD01C4DC68900565D28 /* Base */,
			);
			name = Main.storyboard;
			sourceTree = "<group>";
		};
/* End PBXVariantGroup section */

/* Begin XCBuildConfiguration section */
		64C7ABE31C4DC68900565D28 /* Debug */ = {
			isa = XCBuildConfiguration;
			buildSettings = {
				ALWAYS_SEARCH_USER_PATHS = NO;
				CLANG_CXX_LANGUAGE_STANDARD = "gnu++0x";
				CLANG_CXX_LIBRARY = "libc++";
				CLANG_ENABLE_MODULES = YES;
				CLANG_ENABLE_OBJC_ARC = YES;
				CLANG_WARN_BOOL_CONVERSION = YES;
				CLANG_WARN_CONSTANT_CONVERSION = YES;
				CLANG_WARN_DIRECT_OBJC_ISA_USAGE = YES_ERROR;
				CLANG_WARN_EMPTY_BODY = YES;
				CLANG_WARN_ENUM_CONVERSION = YES;
				CLANG_WARN_INT_CONVERSION = YES;
				CLANG_WARN_OBJC_ROOT_CLASS = YES_ERROR;
				CLANG_WARN_UNREACHABLE_CODE = YES;
				CLANG_WARN__DUPLICATE_METHOD_MATCH = YES;
				"CODE_SIGN_IDENTITY[sdk=iphoneos*]" = "iPhone Developer";
				COPY_PHASE_STRIP = NO;
				DEBUG_INFORMATION_FORMAT = dwarf;
				ENABLE_STRICT_OBJC_MSGSEND = YES;
				ENABLE_TESTABILITY = YES;
				GCC_C_LANGUAGE_STANDARD = gnu99;
				GCC_DYNAMIC_NO_PIC = NO;
				GCC_NO_COMMON_BLOCKS = YES;
				GCC_OPTIMIZATION_LEVEL = 0;
				GCC_PREPROCESSOR_DEFINITIONS = (
					"DEBUG=1",
					"$(inherited)",
				);
				GCC_WARN_64_TO_32_BIT_CONVERSION = YES;
				GCC_WARN_ABOUT_RETURN_TYPE = YES_ERROR;
				GCC_WARN_UNDECLARED_SELECTOR = YES;
				GCC_WARN_UNINITIALIZED_AUTOS = YES_AGGRESSIVE;
				GCC_WARN_UNUSED_FUNCTION = YES;
				GCC_WARN_UNUSED_VARIABLE = YES;
				IPHONEOS_DEPLOYMENT_TARGET = 9.2;
				MTL_ENABLE_DEBUG_INFO = YES;
				ONLY_ACTIVE_ARCH = YES;
				SDKROOT = iphoneos;
				SWIFT_OPTIMIZATION_LEVEL = "-Onone";
				TARGETED_DEVICE_FAMILY = "1,2";
			};
			name = Debug;
		};
		64C7ABE41C4DC68900565D28 /* Release */ = {
			isa = XCBuildConfiguration;
			buildSettings = {
				ALWAYS_SEARCH_USER_PATHS = NO;
				CLANG_CXX_LANGUAGE_STANDARD = "gnu++0x";
				CLANG_CXX_LIBRARY = "libc++";
				CLANG_ENABLE_MODULES = YES;
				CLANG_ENABLE_OBJC_ARC = YES;
				CLANG_WARN_BOOL_CONVERSION = YES;
				CLANG_WARN_CONSTANT_CONVERSION = YES;
				CLANG_WARN_DIRECT_OBJC_ISA_USAGE = YES_ERROR;
				CLANG_WARN_EMPTY_BODY = YES;
				CLANG_WARN_ENUM_CONVERSION = YES;
				CLANG_WARN_INT_CONVERSION = YES;
				CLANG_WARN_OBJC_ROOT_CLASS = YES_ERROR;
				CLANG_WARN_UNREACHABLE_CODE = YES;
				CLANG_WARN__DUPLICATE_METHOD_MATCH = YES;
				"CODE_SIGN_IDENTITY[sdk=iphoneos*]" = "iPhone Developer";
				COPY_PHASE_STRIP = NO;
				DEBUG_INFORMATION_FORMAT = "dwarf-with-dsym";
				ENABLE_NS_ASSERTIONS = NO;
				ENABLE_STRICT_OBJC_MSGSEND = YES;
				GCC_C_LANGUAGE_STANDARD = gnu99;
				GCC_NO_COMMON_BLOCKS = YES;
				GCC_WARN_64_TO_32_BIT_CONVERSION = YES;
				GCC_WARN_ABOUT_RETURN_TYPE = YES_ERROR;
				GCC_WARN_UNDECLARED_SELECTOR = YES;
				GCC_WARN_UNINITIALIZED_AUTOS = YES_AGGRESSIVE;
				GCC_WARN_UNUSED_FUNCTION = YES;
				GCC_WARN_UNUSED_VARIABLE = YES;
				IPHONEOS_DEPLOYMENT_TARGET = 9.2;
				MTL_ENABLE_DEBUG_INFO = NO;
				SDKROOT = iphoneos;
				TARGETED_DEVICE_FAMILY = "1,2";
				VALIDATE_PRODUCT = YES;
			};
			name = Release;
		};
		64C7ABE61C4DC68900565D28 /* Debug */ = {
			isa = XCBuildConfiguration;
			baseConfigurationReference = EB1D02D192FD719A71BB8169 /* Pods-railtalk.debug.xcconfig */;
			buildSettings = {
				ASSETCATALOG_COMPILER_APPICON_NAME = AppIcon;
				INFOPLIST_FILE = railtalk/Info.plist;
				IPHONEOS_DEPLOYMENT_TARGET = 9.2;
				LD_RUNPATH_SEARCH_PATHS = "$(inherited) @executable_path/Frameworks";
				PRODUCT_BUNDLE_IDENTIFIER = com.jmolayem.railtalk;
				PRODUCT_NAME = "$(TARGET_NAME)";
			};
			name = Debug;
		};
		64C7ABE71C4DC68900565D28 /* Release */ = {
			isa = XCBuildConfiguration;
			baseConfigurationReference = C4A614865C4C14F39E87F269 /* Pods-railtalk.release.xcconfig */;
			buildSettings = {
				ASSETCATALOG_COMPILER_APPICON_NAME = AppIcon;
				INFOPLIST_FILE = railtalk/Info.plist;
				IPHONEOS_DEPLOYMENT_TARGET = 9.2;
				LD_RUNPATH_SEARCH_PATHS = "$(inherited) @executable_path/Frameworks";
				PRODUCT_BUNDLE_IDENTIFIER = com.jmolayem.railtalk;
				PRODUCT_NAME = "$(TARGET_NAME)";
			};
			name = Release;
		};
		64C7ABE91C4DC68900565D28 /* Debug */ = {
			isa = XCBuildConfiguration;
			buildSettings = {
				BUNDLE_LOADER = "$(TEST_HOST)";
				INFOPLIST_FILE = railtalkTests/Info.plist;
				LD_RUNPATH_SEARCH_PATHS = "$(inherited) @executable_path/Frameworks @loader_path/Frameworks";
				PRODUCT_BUNDLE_IDENTIFIER = com.example.railtalkTests;
				PRODUCT_NAME = "$(TARGET_NAME)";
				TEST_HOST = "$(BUILT_PRODUCTS_DIR)/railtalk.app/railtalk";
			};
			name = Debug;
		};
		64C7ABEA1C4DC68900565D28 /* Release */ = {
			isa = XCBuildConfiguration;
			buildSettings = {
				BUNDLE_LOADER = "$(TEST_HOST)";
				INFOPLIST_FILE = railtalkTests/Info.plist;
				LD_RUNPATH_SEARCH_PATHS = "$(inherited) @executable_path/Frameworks @loader_path/Frameworks";
				PRODUCT_BUNDLE_IDENTIFIER = com.example.railtalkTests;
				PRODUCT_NAME = "$(TARGET_NAME)";
				TEST_HOST = "$(BUILT_PRODUCTS_DIR)/railtalk.app/railtalk";
			};
			name = Release;
		};
/* End XCBuildConfiguration section */

/* Begin XCConfigurationList section */
		64C7ABC31C4DC68900565D28 /* Build configuration list for PBXProject "railtalk" */ = {
			isa = XCConfigurationList;
			buildConfigurations = (
				64C7ABE31C4DC68900565D28 /* Debug */,
				64C7ABE41C4DC68900565D28 /* Release */,
			);
			defaultConfigurationIsVisible = 0;
			defaultConfigurationName = Release;
		};
		64C7ABE51C4DC68900565D28 /* Build configuration list for PBXNativeTarget "railtalk" */ = {
			isa = XCConfigurationList;
			buildConfigurations = (
				64C7ABE61C4DC68900565D28 /* Debug */,
				64C7ABE71C4DC68900565D28 /* Release */,
			);
			defaultConfigurationIsVisible = 0;
			defaultConfigurationName = Release;
		};
		64C7ABE81C4DC68900565D28 /* Build configuration list for PBXNativeTarget "railtalkTests" */ = {
			isa = XCConfigurationList;
			buildConfigurations = (
				64C7ABE91C4DC68900565D28 /* Debug */,
				64C7ABEA1C4DC68900565D28 /* Release */,
			);
			defaultConfigurationIsVisible = 0;
			defaultConfigurationName = Release;
		};
/* End XCConfigurationList section */
	};
	rootObject = 64C7ABC01C4DC68900565D28 /* Project object */;
}
